
Microsoft Visual Studio Solution File, Format Version 12.00
# Visual Studio 15
VisualStudioVersion = 15.0.28307.757
MinimumVisualStudioVersion = 10.0.40219.1
Project("{FAE04EC0-301F-11D3-BF4B-00C04F79EFBC}") = "CsharpFuncional", "CsharpFuncional\CsharpFuncional.csproj", "{4F57CEF3-570F-49F8-B18C-24B979AB0388}"
EndProject
Global
	GlobalSection(SolutionConfigurationPlatforms) = preSolution
		Debug|Any CPU = Debug|Any CPU
		Release|Any CPU = Release|Any CPU
	EndGlobalSection
	GlobalSection(ProjectConfigurationPlatforms) = postSolution
		{4F57CEF3-570F-49F8-B18C-24B979AB0388}.Debug|Any CPU.ActiveCfg = Debug|Any CPU
		{4F57CEF3-570F-49F8-B18C-24B979AB0388}.Debug|Any CPU.Build.0 = Debug|Any CPU
		{4F57CEF3-570F-49F8-B18C-24B979AB0388}.Release|Any CPU.ActiveCfg = Release|Any CPU
		{4F57CEF3-570F-49F8-B18C-24B979AB0388}.Release|Any CPU.Build.0 = Release|Any CPU
	EndGlobalSection
	GlobalSection(SolutionProperties) = preSolution
		HideSolutionNode = FALSE
	EndGlobalSection
	GlobalSection(ExtensibilityGlobals) = postSolution
		SolutionGuid = {EADE9FF7-2C6D-4BF2-B994-4FF9257AA634}
	EndGlobalSection
EndGlobal
